github.com/go-test/deep v1.0.7 h1:/VSMRlnY/JSyqxQUzQLKVMAskpY/NZKFA5j2P+0pP2M=
github.com/go-test/deep v1.0.7/go.mod h1:QV8Hv/iy04NyLBxAdO9njL0iVPN1S4d/A3NVv1V36o8=
github.com/keyneston/go-poppler v0.0.0-20210428105915-4ae9be4a77fa h1:iivA6Ku3pD4fhqz/RqCfinXlWB1ynqijMqBYgdUACxw=
github.com/keyneston/go-poppler v0.0.0-20210428105915-4ae9be4a77fa/go.mod h1:lw99/FtbqY/iD6peEN6rYVfokv0qdEXfAtURmrYVfFE=
github.com/slongfield/pyfmt v0.0.0-20180124071345-020a7cb18bca h1:fO9hIZRL+kteo13eh51GqkUdZf/NpMmZsi8ob6b1eOg=
github.com/slongfield/pyfmt v0.0.0-20180124071345-020a7cb18bca/go.mod h1:41QiOYlRDMkcA4GnlnV0jfYUyqxKHYnUeaQRAvpezw8=
github.com/ungerik/go-cairo v0.0.0-20210317133935-984b32e6bac6 h1:KrKqo3an56mwfObaZtHlyhN+IVDyw1XaoIT5Cr2Ttvk=
github.com/ungerik/go-cairo v0.0.0-20210317133935-984b32e6bac6/go.mod h1:yLTJg56omDJ+JVxZ5whpCrZgQdaSs+OBdFa+X6ViJcI=
